{
  "originHash" : "d6c5e9ae320b9a312fed98e6a519a3153d4db7c3754356da42c34fe8939a0e44",
  "pins" : [
    {
      "identity" : "spmdnlibrary",
      "kind" : "remoteSourceControl",
      "location" : "https://github.com/Fostahh/SPMDNLibrary.git",
      "state" : {
        "revision" : "dab47fc38f7214f9f0aada4503461bb2d5602a47",
        "version" : "0.9.0"
      }
    }
  ],
  "version" : 3
}
