{
  "originHash" : "d6c5e9ae320b9a312fed98e6a519a3153d4db7c3754356da42c34fe8939a0e44",
  "pins" : [
    {
      "identity" : "spmdnlibrary",
      "kind" : "remoteSourceControl",
      "location" : "https://github.com/Fostahh/SPMDNLibrary.git",
      "state" : {
        "revision" : "e8399bd4c101d4f8b9eece7f4e193bd0fed6f322",
        "version" : "0.5.0"
      }
    }
  ],
  "version" : 3
}
